<Solution>
  <Folder Name="/src/">
    <Project Path="src/Finlo.Api/Finlo.Api.csproj" />
    <Project Path="src/Finlo.Application/Finlo.Application.csproj" />
    <Project Path="src/Finlo.Domain/Finlo.Domain.csproj" />
    <Project Path="src/Finlo.Infrastructure/Finlo.Infrastructure.csproj" />
  </Folder>
  <Project Path="src/Finlo.AppHost/Finlo.AppHost.csproj" Id="1c0b95b5-9018-4324-8e6e-11c92fef84c0" />
  <Project Path="src/Finlo.ServiceDefaults/Finlo.ServiceDefaults.csproj" />
</Solution>
